<?xml version="1.0" encoding="utf-8"?>
<Project ToolsVersion="4.0" xmlns="http://schemas.microsoft.com/developer/msbuild/2003">
  <ItemGroup>
    <Filter Include="소스 파일">
      <UniqueIdentifier>{4FC737F1-C7A5-4376-A066-2A32D752A2FF}</UniqueIdentifier>
      <Extensions>cpp;c;cc;cxx;c++;cppm;ixx;def;odl;idl;hpj;bat;asm;asmx</Extensions>
    </Filter>
    <Filter Include="헤더 파일">
      <UniqueIdentifier>{93995380-89BD-4b04-88EB-625FBE52EBFB}</UniqueIdentifier>
      <Extensions>h;hh;hpp;hxx;h++;hm;inl;inc;ipp;xsd</Extensions>
    </Filter>
    <Filter Include="리소스 파일">
      <UniqueIdentifier>{67DA6AB6-F800-4c08-8B7A-83BB121AAD01}</UniqueIdentifier>
      <Extensions>rc;ico;cur;bmp;dlg;rc2;rct;bin;rgs;gif;jpg;jpeg;jpe;resx;tiff;tif;png;wav;mfcribbon-ms</Extensions>
    </Filter>
  </ItemGroup>
  <ItemGroup>
    <ClInclude Include="framework.h">
      <Filter>헤더 파일</Filter>
    </ClInclude>
    <ClInclude Include="targetver.h">
      <Filter>헤더 파일</Filter>
    </ClInclude>
    <ClInclude Include="Resource.h">
      <Filter>헤더 파일</Filter>
    </ClInclude>
    <ClInclude Include="DX_2D_YJY.h">
      <Filter>헤더 파일</Filter>
    </ClInclude>
    <ClInclude Include="Framework\Device\Device.h">
      <Filter>헤더 파일</Filter>
    </ClInclude>
    <ClInclude Include="Framework\Render\ConstantBuffer.h">
      <Filter>헤더 파일</Filter>
    </ClInclude>
    <ClInclude Include="Framework\Render\GlobalBuffer.h">
      <Filter>헤더 파일</Filter>
    </ClInclude>
    <ClInclude Include="Framework\Render\IndexBuffer.h">
      <Filter>헤더 파일</Filter>
    </ClInclude>
    <ClInclude Include="Framework\Render\PixelShader.h">
      <Filter>헤더 파일</Filter>
    </ClInclude>
    <ClInclude Include="Framework\Render\VertexBuffer.h">
      <Filter>헤더 파일</Filter>
    </ClInclude>
    <ClInclude Include="Framework\Render\VertexLayOuts.h">
      <Filter>헤더 파일</Filter>
    </ClInclude>
    <ClInclude Include="Framework\Render\VertexShader.h">
      <Filter>헤더 파일</Filter>
    </ClInclude>
    <ClInclude Include="Framework\Texture\SamplerState.h">
      <Filter>헤더 파일</Filter>
    </ClInclude>
    <ClInclude Include="Framework\Texture\SRV.h">
      <Filter>헤더 파일</Filter>
    </ClInclude>
    <ClInclude Include="Framework\Texture\Texture.h">
      <Filter>헤더 파일</Filter>
    </ClInclude>
    <ClInclude Include="Program\Program.h">
      <Filter>헤더 파일</Filter>
    </ClInclude>
    <ClInclude Include="Scene\Scene.h">
      <Filter>헤더 파일</Filter>
    </ClInclude>
    <ClInclude Include="Scene\BagicScene\TextureScene.h">
      <Filter>헤더 파일</Filter>
    </ClInclude>
    <ClInclude Include="Scene\BagicScene\TextureWVPScene.h">
      <Filter>헤더 파일</Filter>
    </ClInclude>
    <ClInclude Include="Scene\BagicScene\SolarSystemScene.h">
      <Filter>헤더 파일</Filter>
    </ClInclude>
    <ClInclude Include="Framework\Utillty\Time.h">
      <Filter>헤더 파일</Filter>
    </ClInclude>
    <ClInclude Include="Framework\Utillty\InputManger.h">
      <Filter>헤더 파일</Filter>
    </ClInclude>
    <ClInclude Include="Framework\Math\Vector2.h">
      <Filter>헤더 파일</Filter>
    </ClInclude>
    <ClInclude Include="Framework\Texture\BlendState.h">
      <Filter>헤더 파일</Filter>
    </ClInclude>
    <ClInclude Include="Framework\Texture\StateManager.h">
      <Filter>헤더 파일</Filter>
    </ClInclude>
    <ClInclude Include="Framework\Texture\RasterizerState.h">
      <Filter>헤더 파일</Filter>
    </ClInclude>
    <ClInclude Include="Framework\Component\Transform.h">
      <Filter>헤더 파일</Filter>
    </ClInclude>
    <ClInclude Include="Scene\BagicScene\DungreedScene.h">
      <Filter>헤더 파일</Filter>
    </ClInclude>
    <ClInclude Include="Framework\Collider\RectCollider.h">
      <Filter>헤더 파일</Filter>
    </ClInclude>
    <ClInclude Include="Framework\Collider\Collider.h">
      <Filter>헤더 파일</Filter>
    </ClInclude>
    <ClInclude Include="Scene\BagicScene\ColliderScene.h">
      <Filter>헤더 파일</Filter>
    </ClInclude>
    <ClInclude Include="Framework\Collider\CircleCollider.h">
      <Filter>헤더 파일</Filter>
    </ClInclude>
    <ClInclude Include="Framework\Render\ShaderManger.h">
      <Filter>헤더 파일</Filter>
    </ClInclude>
    <ClInclude Include="Framework\Render\Shader.h">
      <Filter>헤더 파일</Filter>
    </ClInclude>
    <ClInclude Include="Object\BagicObject\Quad.h">
      <Filter>헤더 파일</Filter>
    </ClInclude>
    <ClInclude Include="Object\BagicObject\Sprite.h">
      <Filter>헤더 파일</Filter>
    </ClInclude>
    <ClInclude Include="Framework\Animation\Action.h">
      <Filter>헤더 파일</Filter>
    </ClInclude>
    <ClInclude Include="Object\Zelda\Zelda.h">
      <Filter>헤더 파일</Filter>
    </ClInclude>
    <ClInclude Include="Scene\BagicScene\ZeldaScene.h">
      <Filter>헤더 파일</Filter>
    </ClInclude>
    <ClInclude Include="Scene\BagicScene\FillterScene.h">
      <Filter>헤더 파일</Filter>
    </ClInclude>
    <ClInclude Include="Object\BagicObject\Effect.h">
      <Filter>헤더 파일</Filter>
    </ClInclude>
    <ClInclude Include="Framework\Utillty\Utillity.h">
      <Filter>헤더 파일</Filter>
    </ClInclude>
    <ClInclude Include="Object\BagicObject\EffectManager.h">
      <Filter>헤더 파일</Filter>
    </ClInclude>
    <ClInclude Include="Framework\Camera\Camera.h">
      <Filter>헤더 파일</Filter>
    </ClInclude>
    <ClInclude Include="Scene\BagicScene\EffectScene.h">
      <Filter>헤더 파일</Filter>
    </ClInclude>
    <ClInclude Include="Scene\BagicScene\CameraScene.h">
      <Filter>헤더 파일</Filter>
    </ClInclude>
    <ClInclude Include="Framework\Utillty\BinaryWriter.h">
      <Filter>헤더 파일</Filter>
    </ClInclude>
    <ClInclude Include="Framework\Utillty\BinaryReader.h">
      <Filter>헤더 파일</Filter>
    </ClInclude>
    <ClInclude Include="Framework\Utillty\DirectWrite.h">
      <Filter>헤더 파일</Filter>
    </ClInclude>
    <ClInclude Include="Object\UI\Bulton.h">
      <Filter>헤더 파일</Filter>
    </ClInclude>
    <ClInclude Include="Object\Dungreed\Player\Character.h">
      <Filter>헤더 파일</Filter>
    </ClInclude>
    <ClInclude Include="Scene\TestScene.h">
      <Filter>헤더 파일</Filter>
    </ClInclude>
    <ClInclude Include="TypeDef.h">
      <Filter>헤더 파일</Filter>
    </ClInclude>
    <ClInclude Include="Object\Zelda\ItemDataes.h">
      <Filter>헤더 파일</Filter>
    </ClInclude>
    <ClInclude Include="Framework\Utillty\tinyxml2.h">
      <Filter>헤더 파일</Filter>
    </ClInclude>
    <ClInclude Include="Scene\BagicScene\XmlLoadScene.h">
      <Filter>헤더 파일</Filter>
    </ClInclude>
    <ClInclude Include="Framework\Render\RenderTarget.h">
      <Filter>헤더 파일</Filter>
    </ClInclude>
    <ClInclude Include="Object\UI\MinMap.h">
      <Filter>헤더 파일</Filter>
    </ClInclude>
    <ClInclude Include="Object\Dungreed\Player\Weapon.h">
      <Filter>헤더 파일</Filter>
    </ClInclude>
    <ClInclude Include="Object\Dungreed\Map\TownMap.h">
      <Filter>헤더 파일</Filter>
    </ClInclude>
    <ClInclude Include="Scene\BagicScene\InstancingScene.h">
      <Filter>헤더 파일</Filter>
    </ClInclude>
    <ClInclude Include="Framework\Utillty\MathUtillty.h">
      <Filter>헤더 파일</Filter>
    </ClInclude>
    <ClInclude Include="Library\FMOD\Inc\fmod.hpp">
      <Filter>헤더 파일</Filter>
    </ClInclude>
    <ClInclude Include="Library\FMOD\Inc\fmod_codec.h">
      <Filter>헤더 파일</Filter>
    </ClInclude>
    <ClInclude Include="Library\FMOD\Inc\fmod_common.h">
      <Filter>헤더 파일</Filter>
    </ClInclude>
    <ClInclude Include="Library\FMOD\Inc\fmod_dsp.h">
      <Filter>헤더 파일</Filter>
    </ClInclude>
    <ClInclude Include="Library\FMOD\Inc\fmod_dsp_effects.h">
      <Filter>헤더 파일</Filter>
    </ClInclude>
    <ClInclude Include="Library\FMOD\Inc\fmod_errors.h">
      <Filter>헤더 파일</Filter>
    </ClInclude>
    <ClInclude Include="Library\FMOD\Inc\fmod_output.h">
      <Filter>헤더 파일</Filter>
    </ClInclude>
    <ClInclude Include="Library\FMOD\Inc\fmod.h">
      <Filter>헤더 파일</Filter>
    </ClInclude>
    <ClInclude Include="Framework\Utillty\Audio.h">
      <Filter>헤더 파일</Filter>
    </ClInclude>
    <ClInclude Include="Object\Dungreed\Map\Tile.h">
      <Filter>헤더 파일</Filter>
    </ClInclude>
    <ClInclude Include="Object\Dungreed\Map\TileMap.h">
      <Filter>헤더 파일</Filter>
    </ClInclude>
    <ClInclude Include="Object\Dungreed\GameObject\Revolver.h">
      <Filter>헤더 파일</Filter>
    </ClInclude>
    <ClInclude Include="Object\Dungreed\GameObject\Monster.h">
      <Filter>헤더 파일</Filter>
    </ClInclude>
    <ClInclude Include="Object\Dungreed\GameObject\Bullet.h">
      <Filter>헤더 파일</Filter>
    </ClInclude>
    <ClInclude Include="Object\GameObject\Bullet.h">
      <Filter>헤더 파일</Filter>
    </ClInclude>
    <ClInclude Include="Object\GameObject\Monster.h">
      <Filter>헤더 파일</Filter>
    </ClInclude>
    <ClInclude Include="Object\GameObject\Player.h">
      <Filter>헤더 파일</Filter>
    </ClInclude>
    <ClInclude Include="Object\GameObject\Revolver.h">
      <Filter>헤더 파일</Filter>
    </ClInclude>
    <ClInclude Include="Object\GameObject\Temp.h">
      <Filter>헤더 파일</Filter>
    </ClInclude>
    <ClInclude Include="Object\Dungreed\Enemy\Creature.h">
      <Filter>헤더 파일</Filter>
    </ClInclude>
    <ClInclude Include="Scene\SceneManager.h">
      <Filter>헤더 파일</Filter>
    </ClInclude>
    <ClInclude Include="Scene\BagicScene\ItemScene.h">
      <Filter>헤더 파일</Filter>
    </ClInclude>
    <ClInclude Include="Object\Dungreed\Item\Item.h">
      <Filter>헤더 파일</Filter>
    </ClInclude>
    <ClInclude Include="Object\Dungreed\Item\Inventery.h">
      <Filter>헤더 파일</Filter>
    </ClInclude>
    <ClInclude Include="Object\Dungreed\Item\ItemIcon.h">
      <Filter>헤더 파일</Filter>
    </ClInclude>
    <ClInclude Include="Object\BagicObject\Enemy.h">
      <Filter>헤더 파일</Filter>
    </ClInclude>
    <ClInclude Include="Object\BagicObject\Players.h">
      <Filter>헤더 파일</Filter>
    </ClInclude>
    <ClInclude Include="Object\Dungreed\Player\TestPlayer.h">
      <Filter>헤더 파일</Filter>
    </ClInclude>
    <ClInclude Include="Object\UI\Store.h">
      <Filter>헤더 파일</Filter>
    </ClInclude>
    <ClInclude Include="Framework\Utillty\DataManager.h">
      <Filter>헤더 파일</Filter>
    </ClInclude>
    <ClInclude Include="Object\Dungreed\Player\TigerPunch.h">
      <Filter>헤더 파일</Filter>
    </ClInclude>
  </ItemGroup>
  <ItemGroup>
    <ClCompile Include="DX_2D_YJY.cpp">
      <Filter>소스 파일</Filter>
    </ClCompile>
    <ClCompile Include="framework.cpp">
      <Filter>소스 파일</Filter>
    </ClCompile>
    <ClCompile Include="Framework\Device\Device.cpp">
      <Filter>소스 파일</Filter>
    </ClCompile>
    <ClCompile Include="Framework\Render\ConstantBuffer.cpp">
      <Filter>소스 파일</Filter>
    </ClCompile>
    <ClCompile Include="Framework\Render\IndexBuffer.cpp">
      <Filter>소스 파일</Filter>
    </ClCompile>
    <ClCompile Include="Framework\Render\PixelShader.cpp">
      <Filter>소스 파일</Filter>
    </ClCompile>
    <ClCompile Include="Framework\Render\VertexBuffer.cpp">
      <Filter>소스 파일</Filter>
    </ClCompile>
    <ClCompile Include="Framework\Render\VertexShader.cpp">
      <Filter>소스 파일</Filter>
    </ClCompile>
    <ClCompile Include="Framework\Texture\SamplerState.cpp">
      <Filter>소스 파일</Filter>
    </ClCompile>
    <ClCompile Include="Framework\Texture\SRV.cpp">
      <Filter>소스 파일</Filter>
    </ClCompile>
    <ClCompile Include="Framework\Texture\Texture.cpp">
      <Filter>소스 파일</Filter>
    </ClCompile>
    <ClCompile Include="Program\Program.cpp">
      <Filter>소스 파일</Filter>
    </ClCompile>
    <ClCompile Include="Scene\Scene.cpp">
      <Filter>소스 파일</Filter>
    </ClCompile>
    <ClCompile Include="Scene\BagicScene\TextureScene.cpp">
      <Filter>소스 파일</Filter>
    </ClCompile>
    <ClCompile Include="Scene\BagicScene\TextureWVPScene.cpp">
      <Filter>소스 파일</Filter>
    </ClCompile>
    <ClCompile Include="Scene\BagicScene\SolarSystemScene.cpp">
      <Filter>소스 파일</Filter>
    </ClCompile>
    <ClCompile Include="Framework\Utillty\Time.cpp">
      <Filter>소스 파일</Filter>
    </ClCompile>
    <ClCompile Include="Framework\Utillty\InputManger.cpp">
      <Filter>소스 파일</Filter>
    </ClCompile>
    <ClCompile Include="Framework\Math\Vector2.cpp">
      <Filter>소스 파일</Filter>
    </ClCompile>
    <ClCompile Include="Framework\Texture\BlendState.cpp">
      <Filter>소스 파일</Filter>
    </ClCompile>
    <ClCompile Include="Framework\Texture\StateManager.cpp">
      <Filter>소스 파일</Filter>
    </ClCompile>
    <ClCompile Include="Framework\Texture\RasterizerState.cpp">
      <Filter>소스 파일</Filter>
    </ClCompile>
    <ClCompile Include="Framework\Component\Transform.cpp">
      <Filter>소스 파일</Filter>
    </ClCompile>
    <ClCompile Include="Scene\BagicScene\DungreedScene.cpp">
      <Filter>소스 파일</Filter>
    </ClCompile>
    <ClCompile Include="Framework\Collider\RectCollider.cpp">
      <Filter>소스 파일</Filter>
    </ClCompile>
    <ClCompile Include="Framework\Collider\Collider.cpp">
      <Filter>소스 파일</Filter>
    </ClCompile>
    <ClCompile Include="Scene\BagicScene\ColliderScene.cpp">
      <Filter>소스 파일</Filter>
    </ClCompile>
    <ClCompile Include="Framework\Collider\CircleCollider.cpp">
      <Filter>소스 파일</Filter>
    </ClCompile>
    <ClCompile Include="Framework\Render\ShaderManger.cpp">
      <Filter>소스 파일</Filter>
    </ClCompile>
    <ClCompile Include="Framework\Render\Shader.cpp">
      <Filter>소스 파일</Filter>
    </ClCompile>
    <ClCompile Include="Object\BagicObject\Quad.cpp">
      <Filter>소스 파일</Filter>
    </ClCompile>
    <ClCompile Include="Object\BagicObject\Sprite.cpp">
      <Filter>소스 파일</Filter>
    </ClCompile>
    <ClCompile Include="Framework\Animation\Action.cpp">
      <Filter>소스 파일</Filter>
    </ClCompile>
    <ClCompile Include="Object\Zelda\Zelda.cpp">
      <Filter>소스 파일</Filter>
    </ClCompile>
    <ClCompile Include="Scene\BagicScene\ZeldaScene.cpp">
      <Filter>소스 파일</Filter>
    </ClCompile>
    <ClCompile Include="Scene\BagicScene\FillterScene.cpp">
      <Filter>소스 파일</Filter>
    </ClCompile>
    <ClCompile Include="Object\BagicObject\Effect.cpp">
      <Filter>소스 파일</Filter>
    </ClCompile>
    <ClCompile Include="Object\BagicObject\EffectManager.cpp">
      <Filter>소스 파일</Filter>
    </ClCompile>
    <ClCompile Include="Framework\Camera\Camera.cpp">
      <Filter>소스 파일</Filter>
    </ClCompile>
    <ClCompile Include="Scene\BagicScene\EffectScene.cpp">
      <Filter>소스 파일</Filter>
    </ClCompile>
    <ClCompile Include="Scene\BagicScene\CameraScene.cpp">
      <Filter>소스 파일</Filter>
    </ClCompile>
    <ClCompile Include="Framework\Utillty\BinaryWriter.cpp">
      <Filter>소스 파일</Filter>
    </ClCompile>
    <ClCompile Include="Framework\Utillty\BinaryReader.cpp">
      <Filter>소스 파일</Filter>
    </ClCompile>
    <ClCompile Include="Framework\Utillty\DirectWrite.cpp">
      <Filter>소스 파일</Filter>
    </ClCompile>
    <ClCompile Include="Object\UI\Bulton.cpp">
      <Filter>소스 파일</Filter>
    </ClCompile>
    <ClCompile Include="Object\Dungreed\Player\Character.cpp">
      <Filter>소스 파일</Filter>
    </ClCompile>
    <ClCompile Include="Scene\TestScene.cpp">
      <Filter>소스 파일</Filter>
    </ClCompile>
    <ClCompile Include="Object\Zelda\ItemDataes.cpp">
      <Filter>소스 파일</Filter>
    </ClCompile>
    <ClCompile Include="Framework\Utillty\tinyxml2.cpp">
      <Filter>소스 파일</Filter>
    </ClCompile>
    <ClCompile Include="Scene\BagicScene\XmlLoadScene.cpp">
      <Filter>소스 파일</Filter>
    </ClCompile>
    <ClCompile Include="Framework\Render\RenderTarget.cpp">
      <Filter>소스 파일</Filter>
    </ClCompile>
    <ClCompile Include="Object\UI\MinMap.cpp">
      <Filter>소스 파일</Filter>
    </ClCompile>
    <ClCompile Include="Object\Dungreed\Player\Weapon.cpp">
      <Filter>소스 파일</Filter>
    </ClCompile>
    <ClCompile Include="Object\Dungreed\Map\TownMap.cpp">
      <Filter>소스 파일</Filter>
    </ClCompile>
    <ClCompile Include="Scene\BagicScene\InstancingScene.cpp">
      <Filter>소스 파일</Filter>
    </ClCompile>
    <ClCompile Include="Framework\Utillty\MathUtillty.cpp">
      <Filter>소스 파일</Filter>
    </ClCompile>
    <ClCompile Include="Framework\Utillty\Audio.cpp">
      <Filter>소스 파일</Filter>
    </ClCompile>
    <ClCompile Include="Object\Dungreed\Map\Tile.cpp">
      <Filter>소스 파일</Filter>
    </ClCompile>
    <ClCompile Include="Object\Dungreed\Map\TileMap.cpp">
      <Filter>소스 파일</Filter>
    </ClCompile>
    <ClCompile Include="Object\GameObject\Bullet.cpp">
      <Filter>소스 파일</Filter>
    </ClCompile>
    <ClCompile Include="Object\GameObject\Monster.cpp">
      <Filter>소스 파일</Filter>
    </ClCompile>
    <ClCompile Include="Object\GameObject\Revolver.cpp">
      <Filter>소스 파일</Filter>
    </ClCompile>
    <ClCompile Include="Object\GameObject\Temp.cpp">
      <Filter>소스 파일</Filter>
    </ClCompile>
    <ClCompile Include="Object\GameObject\Player.cpp">
      <Filter>소스 파일</Filter>
    </ClCompile>
    <ClCompile Include="Object\Dungreed\Enemy\Creature.cpp">
      <Filter>소스 파일</Filter>
    </ClCompile>
    <ClCompile Include="Scene\SceneManager.cpp">
      <Filter>소스 파일</Filter>
    </ClCompile>
    <ClCompile Include="Scene\BagicScene\ItemScene.cpp">
      <Filter>소스 파일</Filter>
    </ClCompile>
    <ClCompile Include="Object\Dungreed\Item\Item.cpp">
      <Filter>소스 파일</Filter>
    </ClCompile>
    <ClCompile Include="Object\Dungreed\Item\Inventery.cpp">
      <Filter>소스 파일</Filter>
    </ClCompile>
    <ClCompile Include="Object\Dungreed\Item\ItemIcon.cpp">
      <Filter>소스 파일</Filter>
    </ClCompile>
    <ClCompile Include="Object\BagicObject\Enemy.cpp">
      <Filter>소스 파일</Filter>
    </ClCompile>
    <ClCompile Include="Object\BagicObject\Players.cpp">
      <Filter>소스 파일</Filter>
    </ClCompile>
    <ClCompile Include="Object\Dungreed\Player\TestPlayer.cpp">
      <Filter>소스 파일</Filter>
    </ClCompile>
    <ClCompile Include="Object\UI\Store.cpp">
      <Filter>소스 파일</Filter>
    </ClCompile>
    <ClCompile Include="Framework\Utillty\DataManager.cpp">
      <Filter>소스 파일</Filter>
    </ClCompile>
    <ClCompile Include="Object\Dungreed\Player\TigerPunch.cpp">
      <Filter>소스 파일</Filter>
    </ClCompile>
  </ItemGroup>
  <ItemGroup>
    <ResourceCompile Include="DX_2D_YJY.rc">
      <Filter>리소스 파일</Filter>
    </ResourceCompile>
  </ItemGroup>
  <ItemGroup>
    <Image Include="small.ico">
      <Filter>리소스 파일</Filter>
    </Image>
    <Image Include="DX_2D_YJY.ico">
      <Filter>리소스 파일</Filter>
    </Image>
    <Image Include="Resource\zelda.png">
      <Filter>리소스 파일</Filter>
    </Image>
    <Image Include="Resource\adventure.png">
      <Filter>리소스 파일</Filter>
    </Image>
    <Image Include="Resource\Angle.png">
      <Filter>리소스 파일</Filter>
    </Image>
    <Image Include="Resource\earth.PNG">
      <Filter>리소스 파일</Filter>
    </Image>
    <Image Include="Resource\Fatalis.png">
      <Filter>리소스 파일</Filter>
    </Image>
    <Image Include="Resource\monster.png">
      <Filter>리소스 파일</Filter>
    </Image>
    <Image Include="Resource\moon.PNG">
      <Filter>리소스 파일</Filter>
    </Image>
    <Image Include="Resource\purpleaiming.png">
      <Filter>리소스 파일</Filter>
    </Image>
    <Image Include="Resource\redbullet.png">
      <Filter>리소스 파일</Filter>
    </Image>
    <Image Include="Resource\revolver.png">
      <Filter>리소스 파일</Filter>
    </Image>
    <Image Include="Resource\sun.PNG">
      <Filter>리소스 파일</Filter>
    </Image>
    <Image Include="Resource\LostArk.png">
      <Filter>리소스 파일</Filter>
    </Image>
    <Image Include="Resource\Effects\BlueExplosion.png">
      <Filter>리소스 파일</Filter>
    </Image>
    <Image Include="Resource\Effects\explosion.png">
      <Filter>리소스 파일</Filter>
    </Image>
    <Image Include="Resource\Effects\fire_8x2.png">
      <Filter>리소스 파일</Filter>
    </Image>
    <Image Include="Resource\Effects\GreenExplosion.png">
      <Filter>리소스 파일</Filter>
    </Image>
    <Image Include="Resource\Effects\hit_4x2.png">
      <Filter>리소스 파일</Filter>
    </Image>
    <Image Include="Resource\Effects\hit2_4x4.png">
      <Filter>리소스 파일</Filter>
    </Image>
    <Image Include="Resource\Effects\skill_6x2.png">
      <Filter>리소스 파일</Filter>
    </Image>
    <Image Include="Resource\Effects\skill_core_4x4.png">
      <Filter>리소스 파일</Filter>
    </Image>
    <Image Include="Resource\Effects\smoke_4x4.png">
      <Filter>리소스 파일</Filter>
    </Image>
    <Image Include="Resource\Effects\thunder_core_4x4.png">
      <Filter>리소스 파일</Filter>
    </Image>
    <Image Include="Resource\Button.png">
      <Filter>리소스 파일</Filter>
    </Image>
    <Image Include="Resource\Player\player_die.png">
      <Filter>리소스 파일</Filter>
    </Image>
    <Image Include="Resource\Player\player_idle.png">
      <Filter>리소스 파일</Filter>
    </Image>
    <Image Include="Resource\Player\player_jump.png">
      <Filter>리소스 파일</Filter>
    </Image>
    <Image Include="Resource\Player\player_run.png">
      <Filter>리소스 파일</Filter>
    </Image>
    <Image Include="Resource\playe.png">
      <Filter>리소스 파일</Filter>
    </Image>
    <Image Include="Resource\Player\Bullet_Big.png">
      <Filter>리소스 파일</Filter>
    </Image>
    <Image Include="Resource\Player\GatlingGun.png">
      <Filter>리소스 파일</Filter>
    </Image>
    <Image Include="Resource\Player\player_idle_left.png">
      <Filter>리소스 파일</Filter>
    </Image>
    <Image Include="Resource\Player\player_run_left.png">
      <Filter>리소스 파일</Filter>
    </Image>
    <Image Include="Resource\Weapon\Sword.png">
      <Filter>리소스 파일</Filter>
    </Image>
    <Image Include="Resource\Weapon\ShortSword.png">
      <Filter>리소스 파일</Filter>
    </Image>
    <Image Include="Resource\Map\torch.png">
      <Filter>리소스 파일</Filter>
    </Image>
    <Image Include="Resource\Map\Town_BGL.png">
      <Filter>리소스 파일</Filter>
    </Image>
    <Image Include="Resource\Map\townAtlas.png">
      <Filter>리소스 파일</Filter>
    </Image>
    <Image Include="Resource\Map\townAtlas1.png">
      <Filter>리소스 파일</Filter>
    </Image>
    <Image Include="Resource\Map\TownBG_Day.png">
      <Filter>리소스 파일</Filter>
    </Image>
    <Image Include="Resource\Map\TownFloor.png">
      <Filter>리소스 파일</Filter>
    </Image>
    <Image Include="Resource\Map\TownLayer_Day.png">
      <Filter>리소스 파일</Filter>
    </Image>
    <Image Include="Resource\Map\Tree0.png">
      <Filter>리소스 파일</Filter>
    </Image>
    <Image Include="Resource\Map\Tree1.png">
      <Filter>리소스 파일</Filter>
    </Image>
    <Image Include="Resource\Map\Well.png">
      <Filter>리소스 파일</Filter>
    </Image>
    <Image Include="Resource\Map\wall.png">
      <Filter>리소스 파일</Filter>
    </Image>
    <Image Include="Resource\Map\townAtlas2.png">
      <Filter>리소스 파일</Filter>
    </Image>
    <Image Include="Resource\Map\townAtlas3.png">
      <Filter>리소스 파일</Filter>
    </Image>
    <Image Include="Resource\Map\townAtlas4.png">
      <Filter>리소스 파일</Filter>
    </Image>
    <Image Include="Resource\Map\townAtlas5.png">
      <Filter>리소스 파일</Filter>
    </Image>
    <Image Include="Resource\Item\Item_11x5.png">
      <Filter>리소스 파일</Filter>
    </Image>
    <Image Include="Resource\Creature\attack.png">
      <Filter>리소스 파일</Filter>
    </Image>
    <Image Include="Resource\Creature\attack_shot.png">
      <Filter>리소스 파일</Filter>
    </Image>
    <Image Include="Resource\Creature\idle.png">
      <Filter>리소스 파일</Filter>
    </Image>
    <Image Include="Resource\Creature\idle_shot.png">
      <Filter>리소스 파일</Filter>
    </Image>
    <Image Include="Resource\Creature\move.png">
      <Filter>리소스 파일</Filter>
    </Image>
    <Image Include="Resource\Creature\move_shot.png">
      <Filter>리소스 파일</Filter>
    </Image>
    <Image Include="Resource\Weapon\Boomerang_Moving.png">
      <Filter>리소스 파일</Filter>
    </Image>
    <Image Include="Resource\Weapon\MetalBoomerang.png">
      <Filter>리소스 파일</Filter>
    </Image>
    <Image Include="Resource\Weapon\TigerPunch.png">
      <Filter>리소스 파일</Filter>
    </Image>
  </ItemGroup>
  <ItemGroup>
    <FxCompile Include="Shaders\TexturePixelShader.hlsl" />
    <FxCompile Include="Shaders\TextureVertexShader.hlsl" />
    <FxCompile Include="Shaders\TutorialShader.hlsl" />
    <FxCompile Include="Shaders\ColliderShader\ColliderVertexShader.hlsl" />
    <FxCompile Include="Shaders\ColliderShader\ColliderPixelShader.hlsl" />
    <FxCompile Include="Shaders\SpriteShader.hlsl" />
    <FxCompile Include="Shaders\ActionShader.hlsl" />
    <FxCompile Include="Shaders\FillterShader\FillterShader.hlsl" />
    <FxCompile Include="Shaders\LeftRightPixelShader.hlsl" />
    <FxCompile Include="Shaders\ButtonPixelShader.hlsl" />
    <FxCompile Include="Shaders\InstancingVertexShader.hlsl" />
    <FxCompile Include="Shaders\InstancingPixelShader.hlsl" />
    <FxCompile Include="Shaders\SlotPixelShader.hlsl" />
  </ItemGroup>
  <ItemGroup>
    <Xml Include="Resource\Xml\ItemData.xml" />
  </ItemGroup>
  <ItemGroup>
    <Media Include="Resource\Sound\DungeonClose.wav">
      <Filter>리소스 파일</Filter>
    </Media>
    <Media Include="Resource\Sound\DungeonOpen.wav">
      <Filter>리소스 파일</Filter>
    </Media>
    <Media Include="Resource\Sound\generalAttack.wav">
      <Filter>리소스 파일</Filter>
    </Media>
  </ItemGroup>
  <ItemGroup>
    <None Include="fmod.dll" />
    <None Include="Library\FMOD\Inc\fmod_dsp.cs" />
    <None Include="Library\FMOD\Inc\fmod_errors.cs" />
    <None Include="Library\FMOD\Inc\fmod.cs" />
  </ItemGroup>
  <ItemGroup>
    <Library Include="Library\FMOD\fmod_vc.lib" />
  </ItemGroup>
</Project>